lockVersion: 2.0.0
id: 482384cc-3b98-4ced-bd0b-14aa8b3e0053
management:
  docChecksum: 69a383a20fcf6eb3e53376136cedaa66
  docVersion: 1.0.0
  speakeasyVersion: internal
  generationVersion: 2.237.2
  releaseVersion: 0.0.2
  configChecksum: 048c9ffda11af6dcf3904aef8136ffa4
  repoURL: https://github.com/StackOneHQ/stackone-client-ruby.git
  repoSubDirectory: .
  installationURL: https://github.com/StackOneHQ/stackone-client-ruby
  published: true
features:
  ruby:
    core: 3.2.2
    deprecations: 2.81.1
    examples: 2.81.3
    flattening: 2.81.1
    globalSecurity: 2.81.3
    globalServerURLs: 2.82.1
    groups: 2.81.2
    nameOverrides: 2.81.1
generatedFiles:
  - lib/stackone/sdkconfiguration.rb
  - lib/stackone/accounts.rb
  - lib/stackone/connect_sessions.rb
  - lib/stackone/connectors.rb
  - lib/stackone/ats.rb
  - lib/stackone/crm.rb
  - lib/stackone/hris.rb
  - lib/stackone/marketing.rb
  - lib/stackone/proxy.rb
  - lib/stackone/sdk.rb
  - .rubocop.yml
  - Gemfile
  - Rakefile
  - lib/stackone/utils/metadata_fields.rb
  - lib/stackone/utils/utils.rb
  - sorbet/config
  - sorbet/rbi/annotations/.gitattributes
  - sorbet/rbi/annotations/faraday.rbi
  - sorbet/rbi/annotations/rainbow.rbi
  - sorbet/rbi/gems/.gitattributes
  - sorbet/rbi/gems/ast@2.4.2.rbi
  - sorbet/rbi/gems/base64@0.1.1.rbi
  - sorbet/rbi/gems/erubi@1.12.0.rbi
  - sorbet/rbi/gems/faraday-multipart@1.0.4.rbi
  - sorbet/rbi/gems/faraday-net_http@3.0.2.rbi
  - sorbet/rbi/gems/faraday@2.7.11.rbi
  - sorbet/rbi/gems/json@2.6.3.rbi
  - sorbet/rbi/gems/language_server-protocol@3.17.0.3.rbi
  - sorbet/rbi/gems/minitest@5.20.0.rbi
  - sorbet/rbi/gems/multipart-post@2.3.0.rbi
  - sorbet/rbi/gems/netrc@0.11.0.rbi
  - sorbet/rbi/gems/parallel@1.23.0.rbi
  - sorbet/rbi/gems/parser@3.2.2.4.rbi
  - sorbet/rbi/gems/prettier_print@1.2.1.rbi
  - sorbet/rbi/gems/racc@1.7.1.rbi
  - sorbet/rbi/gems/rack@3.0.8.rbi
  - sorbet/rbi/gems/rainbow@3.1.1.rbi
  - sorbet/rbi/gems/rake@13.0.6.rbi
  - sorbet/rbi/gems/rbi@0.1.1.rbi
  - sorbet/rbi/gems/regexp_parser@2.8.2.rbi
  - sorbet/rbi/gems/rexml@3.2.6.rbi
  - sorbet/rbi/gems/rubocop-ast@1.29.0.rbi
  - sorbet/rbi/gems/rubocop@1.57.1.rbi
  - sorbet/rbi/gems/ruby-progressbar@1.13.0.rbi
  - sorbet/rbi/gems/ruby2_keywords@0.0.5.rbi
  - sorbet/rbi/gems/spoom@1.2.4.rbi
  - sorbet/rbi/gems/syntax_tree@6.2.0.rbi
  - sorbet/rbi/gems/tapioca@0.11.9.rbi
  - sorbet/rbi/gems/thor@1.3.0.rbi
  - sorbet/rbi/gems/unicode-display_width@2.5.0.rbi
  - sorbet/rbi/gems/yard-sorbet@0.8.1.rbi
  - sorbet/rbi/gems/yard@0.9.34.rbi
  - sorbet/rbi/gems/yarp@0.13.0.rbi
  - sorbet/tapioca/config.yml
  - sorbet/tapioca/require.rb
  - stackone_client.gemspec
  - lib/stackone/models/operations/stackone_delete_account.rb
  - lib/stackone/models/operations/stackone_get_account.rb
  - lib/stackone/models/operations/stackone_get_account_meta_info.rb
  - lib/stackone/models/operations/stackone_list_linked_accounts.rb
  - lib/stackone/models/operations/stackone_update_account.rb
  - lib/stackone/models/operations/stackone_authenticate_connect_session.rb
  - lib/stackone/models/operations/stackone_create_connect_session.rb
  - lib/stackone/models/operations/stackone_get_connector_meta.rb
  - lib/stackone/models/operations/stackone_list_connectors_meta.rb
  - lib/stackone/models/operations/ats_create_application.rb
  - lib/stackone/models/operations/ats_create_candidate.rb
  - lib/stackone/models/operations/ats_create_candidate_note.rb
  - lib/stackone/models/operations/ats_create_offer.rb
  - lib/stackone/models/operations/ats_get_application.rb
  - lib/stackone/models/operations/ats_get_application_offer.rb
  - lib/stackone/models/operations/ats_get_application_scorecard.rb
  - lib/stackone/models/operations/ats_get_candidate.rb
  - lib/stackone/models/operations/ats_get_candidate_note.rb
  - lib/stackone/models/operations/ats_get_department.rb
  - lib/stackone/models/operations/ats_get_interview.rb
  - lib/stackone/models/operations/ats_get_interview_stage.rb
  - lib/stackone/models/operations/ats_get_job.rb
  - lib/stackone/models/operations/ats_get_job_posting.rb
  - lib/stackone/models/operations/ats_get_location.rb
  - lib/stackone/models/operations/ats_get_offer.rb
  - lib/stackone/models/operations/ats_get_rejected_reason.rb
  - lib/stackone/models/operations/ats_get_user.rb
  - lib/stackone/models/operations/ats_list_application_scorecards.rb
  - lib/stackone/models/operations/ats_list_applications.rb
  - lib/stackone/models/operations/ats_list_applications_offers.rb
  - lib/stackone/models/operations/ats_list_candidate_notes.rb
  - lib/stackone/models/operations/ats_list_candidates.rb
  - lib/stackone/models/operations/ats_list_departments.rb
  - lib/stackone/models/operations/ats_list_interview_stages.rb
  - lib/stackone/models/operations/ats_list_interviews.rb
  - lib/stackone/models/operations/ats_list_job_postings.rb
  - lib/stackone/models/operations/ats_list_jobs.rb
  - lib/stackone/models/operations/ats_list_locations.rb
  - lib/stackone/models/operations/ats_list_offers.rb
  - lib/stackone/models/operations/ats_list_rejected_reasons.rb
  - lib/stackone/models/operations/ats_list_users.rb
  - lib/stackone/models/operations/ats_update_application.rb
  - lib/stackone/models/operations/ats_update_candidate.rb
  - lib/stackone/models/operations/crm_create_contact.rb
  - lib/stackone/models/operations/crm_get_account.rb
  - lib/stackone/models/operations/crm_get_contact.rb
  - lib/stackone/models/operations/crm_get_list.rb
  - lib/stackone/models/operations/crm_list_accounts.rb
  - lib/stackone/models/operations/crm_list_contacts.rb
  - lib/stackone/models/operations/crm_list_lists.rb
  - lib/stackone/models/operations/crm_update_contact.rb
  - lib/stackone/models/operations/hris_create_employee.rb
  - lib/stackone/models/operations/hris_create_employee_time_off_request.rb
  - lib/stackone/models/operations/hris_create_time_off_request.rb
  - lib/stackone/models/operations/hris_get_company.rb
  - lib/stackone/models/operations/hris_get_employee.rb
  - lib/stackone/models/operations/hris_get_employee_document.rb
  - lib/stackone/models/operations/hris_get_employees_time_off_request.rb
  - lib/stackone/models/operations/hris_get_employment.rb
  - lib/stackone/models/operations/hris_get_location.rb
  - lib/stackone/models/operations/hris_get_time_off_request.rb
  - lib/stackone/models/operations/hris_list_companies.rb
  - lib/stackone/models/operations/hris_list_employee_documents.rb
  - lib/stackone/models/operations/hris_list_employee_time_off_requests.rb
  - lib/stackone/models/operations/hris_list_employees.rb
  - lib/stackone/models/operations/hris_list_employments.rb
  - lib/stackone/models/operations/hris_list_locations.rb
  - lib/stackone/models/operations/hris_list_time_off_requests.rb
  - lib/stackone/models/operations/hris_update_employee.rb
  - lib/stackone/models/operations/hris_update_time_off_request.rb
  - lib/stackone/models/operations/marketing_create_email_template.rb
  - lib/stackone/models/operations/marketing_create_omni_channel_template.rb
  - lib/stackone/models/operations/marketing_create_push_template.rb
  - lib/stackone/models/operations/marketing_get_campaign.rb
  - lib/stackone/models/operations/marketing_get_email_template.rb
  - lib/stackone/models/operations/marketing_get_omni_channel_template.rb
  - lib/stackone/models/operations/marketing_get_push_template.rb
  - lib/stackone/models/operations/marketing_list_campaigns.rb
  - lib/stackone/models/operations/marketing_list_email_templates.rb
  - lib/stackone/models/operations/marketing_list_omni_channel_templates.rb
  - lib/stackone/models/operations/marketing_list_push_templates.rb
  - lib/stackone/models/operations/marketing_update_email_template.rb
  - lib/stackone/models/operations/marketing_update_omni_channel_template.rb
  - lib/stackone/models/operations/marketing_update_push_template.rb
  - lib/stackone/models/operations/stackone_proxy_request.rb
  - lib/stackone/models/shared/linkedaccount.rb
  - lib/stackone/models/shared/linkedaccountmeta.rb
  - lib/stackone/models/shared/patchaccountdto.rb
  - lib/stackone/models/shared/connectsession.rb
  - lib/stackone/models/shared/connectsessionauthenticate.rb
  - lib/stackone/models/shared/connectsessiontoken.rb
  - lib/stackone/models/shared/connectsessioncreate.rb
  - lib/stackone/models/shared/connectorsmeta.rb
  - lib/stackone/models/shared/createresult.rb
  - lib/stackone/models/shared/atscreateapplicationrequestdto.rb
  - lib/stackone/models/shared/questionnaire.rb
  - lib/stackone/models/shared/answer.rb
  - lib/stackone/models/shared/applicationcandidate.rb
  - lib/stackone/models/shared/applicationattachment.rb
  - lib/stackone/models/shared/attachmenttype.rb
  - lib/stackone/models/shared/applicationstatusenumapimodel.rb
  - lib/stackone/models/shared/candidateresult.rb
  - lib/stackone/models/shared/rawresponse.rb
  - lib/stackone/models/shared/candidate.rb
  - lib/stackone/models/shared/sociallink.rb
  - lib/stackone/models/shared/candidateemail.rb
  - lib/stackone/models/shared/atscreatecandidaterequestdto.rb
  - lib/stackone/models/shared/createcandidatenoteresult.rb
  - lib/stackone/models/shared/atscreatenotesrequestdto.rb
  - lib/stackone/models/shared/notecontentapimodel.rb
  - lib/stackone/models/shared/createofferresult.rb
  - lib/stackone/models/shared/atscreateofferrequestdto.rb
  - lib/stackone/models/shared/offerstatusenum.rb
  - lib/stackone/models/shared/offerhistory.rb
  - lib/stackone/models/shared/applicationresult.rb
  - lib/stackone/models/shared/application.rb
  - lib/stackone/models/shared/resultlink.rb
  - lib/stackone/models/shared/rejectedreason.rb
  - lib/stackone/models/shared/rejectedreasontypeenum.rb
  - lib/stackone/models/shared/interviewstage.rb
  - lib/stackone/models/shared/offersresult.rb
  - lib/stackone/models/shared/offer.rb
  - lib/stackone/models/shared/noteresult.rb
  - lib/stackone/models/shared/note.rb
  - lib/stackone/models/shared/departmentresult.rb
  - lib/stackone/models/shared/department.rb
  - lib/stackone/models/shared/interviewsresult.rb
  - lib/stackone/models/shared/interview.rb
  - lib/stackone/models/shared/interviewer.rb
  - lib/stackone/models/shared/interviewpart.rb
  - lib/stackone/models/shared/interviewstageresult.rb
  - lib/stackone/models/shared/jobresult.rb
  - lib/stackone/models/shared/job.rb
  - lib/stackone/models/shared/jobstatusenum.rb
  - lib/stackone/models/shared/hiringteam.rb
  - lib/stackone/models/shared/jobpostingresult.rb
  - lib/stackone/models/shared/jobposting.rb
  - lib/stackone/models/shared/location.rb
  - lib/stackone/models/shared/compensation.rb
  - lib/stackone/models/shared/atslocationresult.rb
  - lib/stackone/models/shared/atslocation.rb
  - lib/stackone/models/shared/rejectedreasonresult.rb
  - lib/stackone/models/shared/userresult.rb
  - lib/stackone/models/shared/user.rb
  - lib/stackone/models/shared/scorecardspaginated.rb
  - lib/stackone/models/shared/scorecard.rb
  - lib/stackone/models/shared/scorecardsection.rb
  - lib/stackone/models/shared/field.rb
  - lib/stackone/models/shared/applicationspaginated.rb
  - lib/stackone/models/shared/offerspaginated.rb
  - lib/stackone/models/shared/notespaginated.rb
  - lib/stackone/models/shared/candidatespaginated.rb
  - lib/stackone/models/shared/departmentspaginated.rb
  - lib/stackone/models/shared/interviewstagespaginated.rb
  - lib/stackone/models/shared/interviewspaginated.rb
  - lib/stackone/models/shared/jobpostingspaginated.rb
  - lib/stackone/models/shared/jobspaginated.rb
  - lib/stackone/models/shared/atslocationspaginated.rb
  - lib/stackone/models/shared/rejectedreasonspaginated.rb
  - lib/stackone/models/shared/userspaginated.rb
  - lib/stackone/models/shared/updateresult.rb
  - lib/stackone/models/shared/atsupdateapplicationrequestdto.rb
  - lib/stackone/models/shared/atsupdatecandidatesrequestdto.rb
  - lib/stackone/models/shared/contactresult.rb
  - lib/stackone/models/shared/contact.rb
  - lib/stackone/models/shared/crmcreatecontactrequestdto.rb
  - lib/stackone/models/shared/accountresult.rb
  - lib/stackone/models/shared/account.rb
  - lib/stackone/models/shared/accountaddress.rb
  - lib/stackone/models/shared/listresult.rb
  - lib/stackone/models/shared/list.rb
  - lib/stackone/models/shared/accountspaginated.rb
  - lib/stackone/models/shared/contactspaginated.rb
  - lib/stackone/models/shared/listspaginated.rb
  - lib/stackone/models/shared/createemployeeresult.rb
  - lib/stackone/models/shared/hriscreateemployeerequestdto.rb
  - lib/stackone/models/shared/employment.rb
  - lib/stackone/models/shared/employeecustomfields.rb
  - lib/stackone/models/shared/countrycodeenum.rb
  - lib/stackone/models/shared/createtimeoffresult.rb
  - lib/stackone/models/shared/hriscreatetimeoffrequestdto.rb
  - lib/stackone/models/shared/companyresult.rb
  - lib/stackone/models/shared/company.rb
  - lib/stackone/models/shared/employeeresult.rb
  - lib/stackone/models/shared/employee.rb
  - lib/stackone/models/shared/documentresult.rb
  - lib/stackone/models/shared/documentapimodel.rb
  - lib/stackone/models/shared/documenttypeenum.rb
  - lib/stackone/models/shared/content.rb
  - lib/stackone/models/shared/timeoffresult.rb
  - lib/stackone/models/shared/timeoff.rb
  - lib/stackone/models/shared/employmentresult.rb
  - lib/stackone/models/shared/hrislocationresult.rb
  - lib/stackone/models/shared/hrislocation.rb
  - lib/stackone/models/shared/companiespaginated.rb
  - lib/stackone/models/shared/documentspaginated.rb
  - lib/stackone/models/shared/timeoffpaginated.rb
  - lib/stackone/models/shared/employeespaginated.rb
  - lib/stackone/models/shared/employmentspaginated.rb
  - lib/stackone/models/shared/hrislocationspaginated.rb
  - lib/stackone/models/shared/createtemplateresult.rb
  - lib/stackone/models/shared/marketingcreateemailtemplaterequestdto.rb
  - lib/stackone/models/shared/emailmessages.rb
  - lib/stackone/models/shared/marketingcreatetemplaterequestdto.rb
  - lib/stackone/models/shared/message.rb
  - lib/stackone/models/shared/marketingcreatepushtemplaterequestdto.rb
  - lib/stackone/models/shared/pushmessages.rb
  - lib/stackone/models/shared/campaignresult.rb
  - lib/stackone/models/shared/campaign.rb
  - lib/stackone/models/shared/channelsenum.rb
  - lib/stackone/models/shared/templateresult.rb
  - lib/stackone/models/shared/template.rb
  - lib/stackone/models/shared/campaignspaginated.rb
  - lib/stackone/models/shared/templatespaginated.rb
  - lib/stackone/models/shared/proxyrequestbody.rb
  - lib/stackone/models/shared/security.rb
  - lib/stackone_client.rb
  - docs/models/operations/stackonedeleteaccountrequest.md
  - docs/models/operations/stackonedeleteaccountresponse.md
  - docs/models/operations/stackonegetaccountrequest.md
  - docs/models/operations/stackonegetaccountresponse.md
  - docs/models/operations/stackonegetaccountmetainforequest.md
  - docs/models/operations/stackonegetaccountmetainforesponse.md
  - docs/models/operations/stackonelistlinkedaccountsrequest.md
  - docs/models/operations/stackonelistlinkedaccountsresponse.md
  - docs/models/operations/stackoneupdateaccountrequest.md
  - docs/models/operations/stackoneupdateaccountresponse.md
  - docs/models/operations/stackoneauthenticateconnectsessionresponse.md
  - docs/models/operations/stackonecreateconnectsessionresponse.md
  - docs/models/operations/stackonegetconnectormetarequest.md
  - docs/models/operations/stackonegetconnectormetaresponse.md
  - docs/models/operations/stackonelistconnectorsmetarequest.md
  - docs/models/operations/stackonelistconnectorsmetaresponse.md
  - docs/models/operations/atscreateapplicationrequest.md
  - docs/models/operations/atscreateapplicationresponse.md
  - docs/models/operations/atscreatecandidaterequest.md
  - docs/models/operations/atscreatecandidateresponse.md
  - docs/models/operations/atscreatecandidatenoterequest.md
  - docs/models/operations/atscreatecandidatenoteresponse.md
  - docs/models/operations/atscreateofferrequest.md
  - docs/models/operations/atscreateofferresponse.md
  - docs/models/operations/atsgetapplicationrequest.md
  - docs/models/operations/atsgetapplicationresponse.md
  - docs/models/operations/atsgetapplicationofferrequest.md
  - docs/models/operations/atsgetapplicationofferresponse.md
  - docs/models/operations/atsgetapplicationscorecardrequest.md
  - docs/models/operations/atsgetapplicationscorecardresponse.md
  - docs/models/operations/atsgetcandidaterequest.md
  - docs/models/operations/atsgetcandidateresponse.md
  - docs/models/operations/atsgetcandidatenoterequest.md
  - docs/models/operations/atsgetcandidatenoteresponse.md
  - docs/models/operations/atsgetdepartmentrequest.md
  - docs/models/operations/atsgetdepartmentresponse.md
  - docs/models/operations/atsgetinterviewrequest.md
  - docs/models/operations/atsgetinterviewresponse.md
  - docs/models/operations/atsgetinterviewstagerequest.md
  - docs/models/operations/atsgetinterviewstageresponse.md
  - docs/models/operations/atsgetjobrequest.md
  - docs/models/operations/atsgetjobresponse.md
  - docs/models/operations/atsgetjobpostingrequest.md
  - docs/models/operations/atsgetjobpostingresponse.md
  - docs/models/operations/atsgetlocationrequest.md
  - docs/models/operations/atsgetlocationresponse.md
  - docs/models/operations/atsgetofferrequest.md
  - docs/models/operations/atsgetofferresponse.md
  - docs/models/operations/atsgetrejectedreasonrequest.md
  - docs/models/operations/atsgetrejectedreasonresponse.md
  - docs/models/operations/atsgetuserrequest.md
  - docs/models/operations/atsgetuserresponse.md
  - docs/models/operations/atslistapplicationscorecardsrequest.md
  - docs/models/operations/atslistapplicationscorecardsresponse.md
  - docs/models/operations/atslistapplicationsrequest.md
  - docs/models/operations/atslistapplicationsresponse.md
  - docs/models/operations/atslistapplicationsoffersrequest.md
  - docs/models/operations/atslistapplicationsoffersresponse.md
  - docs/models/operations/atslistcandidatenotesrequest.md
  - docs/models/operations/atslistcandidatenotesresponse.md
  - docs/models/operations/atslistcandidatesrequest.md
  - docs/models/operations/atslistcandidatesresponse.md
  - docs/models/operations/atslistdepartmentsrequest.md
  - docs/models/operations/atslistdepartmentsresponse.md
  - docs/models/operations/atslistinterviewstagesrequest.md
  - docs/models/operations/atslistinterviewstagesresponse.md
  - docs/models/operations/atslistinterviewsrequest.md
  - docs/models/operations/atslistinterviewsresponse.md
  - docs/models/operations/atslistjobpostingsrequest.md
  - docs/models/operations/atslistjobpostingsresponse.md
  - docs/models/operations/atslistjobsrequest.md
  - docs/models/operations/atslistjobsresponse.md
  - docs/models/operations/atslistlocationsrequest.md
  - docs/models/operations/atslistlocationsresponse.md
  - docs/models/operations/atslistoffersrequest.md
  - docs/models/operations/atslistoffersresponse.md
  - docs/models/operations/atslistrejectedreasonsrequest.md
  - docs/models/operations/atslistrejectedreasonsresponse.md
  - docs/models/operations/atslistusersrequest.md
  - docs/models/operations/atslistusersresponse.md
  - docs/models/operations/atsupdateapplicationrequest.md
  - docs/models/operations/atsupdateapplicationresponse.md
  - docs/models/operations/atsupdatecandidaterequest.md
  - docs/models/operations/atsupdatecandidateresponse.md
  - docs/models/operations/crmcreatecontactrequest.md
  - docs/models/operations/crmcreatecontactresponse.md
  - docs/models/operations/crmgetaccountrequest.md
  - docs/models/operations/crmgetaccountresponse.md
  - docs/models/operations/crmgetcontactrequest.md
  - docs/models/operations/crmgetcontactresponse.md
  - docs/models/operations/crmgetlistrequest.md
  - docs/models/operations/crmgetlistresponse.md
  - docs/models/operations/crmlistaccountsrequest.md
  - docs/models/operations/crmlistaccountsresponse.md
  - docs/models/operations/crmlistcontactsrequest.md
  - docs/models/operations/crmlistcontactsresponse.md
  - docs/models/operations/crmlistlistsrequest.md
  - docs/models/operations/crmlistlistsresponse.md
  - docs/models/operations/crmupdatecontactrequest.md
  - docs/models/operations/crmupdatecontactresponse.md
  - docs/models/operations/hriscreateemployeerequest.md
  - docs/models/operations/hriscreateemployeeresponse.md
  - docs/models/operations/hriscreateemployeetimeoffrequestrequest.md
  - docs/models/operations/hriscreateemployeetimeoffrequestresponse.md
  - docs/models/operations/hriscreatetimeoffrequestrequest.md
  - docs/models/operations/hriscreatetimeoffrequestresponse.md
  - docs/models/operations/hrisgetcompanyrequest.md
  - docs/models/operations/hrisgetcompanyresponse.md
  - docs/models/operations/hrisgetemployeerequest.md
  - docs/models/operations/hrisgetemployeeresponse.md
  - docs/models/operations/hrisgetemployeedocumentrequest.md
  - docs/models/operations/hrisgetemployeedocumentresponse.md
  - docs/models/operations/hrisgetemployeestimeoffrequestrequest.md
  - docs/models/operations/hrisgetemployeestimeoffrequestresponse.md
  - docs/models/operations/hrisgetemploymentrequest.md
  - docs/models/operations/hrisgetemploymentresponse.md
  - docs/models/operations/hrisgetlocationrequest.md
  - docs/models/operations/hrisgetlocationresponse.md
  - docs/models/operations/hrisgettimeoffrequestrequest.md
  - docs/models/operations/hrisgettimeoffrequestresponse.md
  - docs/models/operations/hrislistcompaniesrequest.md
  - docs/models/operations/hrislistcompaniesresponse.md
  - docs/models/operations/hrislistemployeedocumentsrequest.md
  - docs/models/operations/hrislistemployeedocumentsresponse.md
  - docs/models/operations/hrislistemployeetimeoffrequestsrequest.md
  - docs/models/operations/hrislistemployeetimeoffrequestsresponse.md
  - docs/models/operations/hrislistemployeesrequest.md
  - docs/models/operations/hrislistemployeesresponse.md
  - docs/models/operations/hrislistemploymentsrequest.md
  - docs/models/operations/hrislistemploymentsresponse.md
  - docs/models/operations/hrislistlocationsrequest.md
  - docs/models/operations/hrislistlocationsresponse.md
  - docs/models/operations/hrislisttimeoffrequestsrequest.md
  - docs/models/operations/hrislisttimeoffrequestsresponse.md
  - docs/models/operations/hrisupdateemployeerequest.md
  - docs/models/operations/hrisupdateemployeeresponse.md
  - docs/models/operations/hrisupdatetimeoffrequestrequest.md
  - docs/models/operations/hrisupdatetimeoffrequestresponse.md
  - docs/models/operations/marketingcreateemailtemplaterequest.md
  - docs/models/operations/marketingcreateemailtemplateresponse.md
  - docs/models/operations/marketingcreateomnichanneltemplaterequest.md
  - docs/models/operations/marketingcreateomnichanneltemplateresponse.md
  - docs/models/operations/marketingcreatepushtemplaterequest.md
  - docs/models/operations/marketingcreatepushtemplateresponse.md
  - docs/models/operations/marketinggetcampaignrequest.md
  - docs/models/operations/marketinggetcampaignresponse.md
  - docs/models/operations/marketinggetemailtemplaterequest.md
  - docs/models/operations/marketinggetemailtemplateresponse.md
  - docs/models/operations/marketinggetomnichanneltemplaterequest.md
  - docs/models/operations/marketinggetomnichanneltemplateresponse.md
  - docs/models/operations/marketinggetpushtemplaterequest.md
  - docs/models/operations/marketinggetpushtemplateresponse.md
  - docs/models/operations/marketinglistcampaignsrequest.md
  - docs/models/operations/marketinglistcampaignsresponse.md
  - docs/models/operations/marketinglistemailtemplatesrequest.md
  - docs/models/operations/marketinglistemailtemplatesresponse.md
  - docs/models/operations/marketinglistomnichanneltemplatesrequest.md
  - docs/models/operations/marketinglistomnichanneltemplatesresponse.md
  - docs/models/operations/marketinglistpushtemplatesrequest.md
  - docs/models/operations/marketinglistpushtemplatesresponse.md
  - docs/models/operations/marketingupdateemailtemplaterequest.md
  - docs/models/operations/marketingupdateemailtemplateresponse.md
  - docs/models/operations/marketingupdateomnichanneltemplaterequest.md
  - docs/models/operations/marketingupdateomnichanneltemplateresponse.md
  - docs/models/operations/marketingupdatepushtemplaterequest.md
  - docs/models/operations/marketingupdatepushtemplateresponse.md
  - docs/models/operations/stackoneproxyrequestrequest.md
  - docs/models/operations/stackoneproxyrequestresponse.md
  - docs/models/shared/credentials.md
  - docs/models/shared/setupinformation.md
  - docs/models/shared/linkedaccount.md
  - docs/models/shared/linkedaccountmetacategory.md
  - docs/models/shared/linkedaccountmeta.md
  - docs/models/shared/patchaccountdto.md
  - docs/models/shared/categories.md
  - docs/models/shared/connectsession.md
  - docs/models/shared/connectsessionauthenticate.md
  - docs/models/shared/connectsessiontokencategories.md
  - docs/models/shared/connectsessiontoken.md
  - docs/models/shared/connectsessioncreatecategories.md
  - docs/models/shared/metadata.md
  - docs/models/shared/connectsessioncreate.md
  - docs/models/shared/category.md
  - docs/models/shared/images.md
  - docs/models/shared/resources.md
  - docs/models/shared/connectorsmeta.md
  - docs/models/shared/createresult.md
  - docs/models/shared/atscreateapplicationrequestdto.md
  - docs/models/shared/questionnaire.md
  - docs/models/shared/answervalue.md
  - docs/models/shared/type.md
  - docs/models/shared/answer.md
  - docs/models/shared/applicationcandidate.md
  - docs/models/shared/applicationattachmentvalue.md
  - docs/models/shared/contenttype.md
  - docs/models/shared/applicationattachment.md
  - docs/models/shared/attachmenttypevalue.md
  - docs/models/shared/attachmenttype.md
  - docs/models/shared/value.md
  - docs/models/shared/applicationstatusenumapimodel.md
  - docs/models/shared/candidateresult.md
  - docs/models/shared/response.md
  - docs/models/shared/rawresponse.md
  - docs/models/shared/candidate.md
  - docs/models/shared/sociallink.md
  - docs/models/shared/candidateemail.md
  - docs/models/shared/atscreatecandidaterequestdto.md
  - docs/models/shared/createcandidatenoteresult.md
  - docs/models/shared/atscreatenotesrequestdtovalue.md
  - docs/models/shared/visibility.md
  - docs/models/shared/atscreatenotesrequestdto.md
  - docs/models/shared/notecontentapimodel.md
  - docs/models/shared/createofferresult.md
  - docs/models/shared/atscreateofferrequestdto.md
  - docs/models/shared/offerstatusenumvalue.md
  - docs/models/shared/offerstatusenum.md
  - docs/models/shared/offerhistory.md
  - docs/models/shared/applicationresult.md
  - docs/models/shared/application.md
  - docs/models/shared/resultlink.md
  - docs/models/shared/rejectedreason.md
  - docs/models/shared/rejectedreasontypeenumvalue.md
  - docs/models/shared/rejectedreasontypeenum.md
  - docs/models/shared/interviewstage.md
  - docs/models/shared/offersresult.md
  - docs/models/shared/offer.md
  - docs/models/shared/noteresult.md
  - docs/models/shared/notevalue.md
  - docs/models/shared/notevisibility.md
  - docs/models/shared/note.md
  - docs/models/shared/departmentresult.md
  - docs/models/shared/department.md
  - docs/models/shared/interviewsresult.md
  - docs/models/shared/interviewvalue.md
  - docs/models/shared/interviewstatus.md
  - docs/models/shared/interview.md
  - docs/models/shared/interviewer.md
  - docs/models/shared/interviewpart.md
  - docs/models/shared/interviewstageresult.md
  - docs/models/shared/jobresult.md
  - docs/models/shared/confidential.md
  - docs/models/shared/job.md
  - docs/models/shared/jobstatusenumvalue.md
  - docs/models/shared/jobstatusenum.md
  - docs/models/shared/hiringteam.md
  - docs/models/shared/jobpostingresult.md
  - docs/models/shared/jobpostingcontent.md
  - docs/models/shared/jobpostingvalue.md
  - docs/models/shared/jobpostingemploymentcontracttype.md
  - docs/models/shared/jobpostingschemasvalue.md
  - docs/models/shared/jobpostingemploymenttype.md
  - docs/models/shared/internal.md
  - docs/models/shared/jobpostingschemasstatusvalue.md
  - docs/models/shared/jobpostingstatus.md
  - docs/models/shared/jobposting.md
  - docs/models/shared/location.md
  - docs/models/shared/compensationvalue.md
  - docs/models/shared/payfrequency.md
  - docs/models/shared/compensationschemasvalue.md
  - docs/models/shared/payperiod.md
  - docs/models/shared/compensationschemastypevalue.md
  - docs/models/shared/compensationtype.md
  - docs/models/shared/compensation.md
  - docs/models/shared/atslocationresult.md
  - docs/models/shared/atslocation.md
  - docs/models/shared/rejectedreasonresult.md
  - docs/models/shared/userresult.md
  - docs/models/shared/user.md
  - docs/models/shared/scorecardspaginated.md
  - docs/models/shared/overallrecommendation.md
  - docs/models/shared/scorecard.md
  - docs/models/shared/scorecardsection.md
  - docs/models/shared/fieldtype.md
  - docs/models/shared/field.md
  - docs/models/shared/applicationspaginated.md
  - docs/models/shared/offerspaginated.md
  - docs/models/shared/notespaginated.md
  - docs/models/shared/candidatespaginated.md
  - docs/models/shared/departmentspaginated.md
  - docs/models/shared/interviewstagespaginated.md
  - docs/models/shared/interviewspaginated.md
  - docs/models/shared/jobpostingspaginated.md
  - docs/models/shared/jobspaginated.md
  - docs/models/shared/atslocationspaginated.md
  - docs/models/shared/rejectedreasonspaginated.md
  - docs/models/shared/userspaginated.md
  - docs/models/shared/updateresult.md
  - docs/models/shared/atsupdateapplicationrequestdto.md
  - docs/models/shared/atsupdatecandidatesrequestdto.md
  - docs/models/shared/contactresult.md
  - docs/models/shared/contact.md
  - docs/models/shared/crmcreatecontactrequestdto.md
  - docs/models/shared/accountresult.md
  - docs/models/shared/account.md
  - docs/models/shared/accountaddressschemasvalue.md
  - docs/models/shared/country.md
  - docs/models/shared/accountaddressvalue.md
  - docs/models/shared/locationtype.md
  - docs/models/shared/accountaddress.md
  - docs/models/shared/listresult.md
  - docs/models/shared/listvalue.md
  - docs/models/shared/listtype.md
  - docs/models/shared/list.md
  - docs/models/shared/accountspaginated.md
  - docs/models/shared/contactspaginated.md
  - docs/models/shared/listspaginated.md
  - docs/models/shared/createemployeeresult.md
  - docs/models/shared/hriscreateemployeerequestdtoavatar.md
  - docs/models/shared/hriscreateemployeerequestdtovalue.md
  - docs/models/shared/hriscreateemployeerequestdtoemploymentcontracttype.md
  - docs/models/shared/hriscreateemployeerequestdtoschemasvalue.md
  - docs/models/shared/hriscreateemployeerequestdtoemploymentstatus.md
  - docs/models/shared/hriscreateemployeerequestdtoschemasemploymenttypevalue.md
  - docs/models/shared/hriscreateemployeerequestdtoemploymenttype.md
  - docs/models/shared/hriscreateemployeerequestdtoschemasethnicityvalue.md
  - docs/models/shared/hriscreateemployeerequestdtoethnicity.md
  - docs/models/shared/hriscreateemployeerequestdtoschemasgendervalue.md
  - docs/models/shared/hriscreateemployeerequestdtogender.md
  - docs/models/shared/hriscreateemployeerequestdtoschemashomelocationvalue.md
  - docs/models/shared/hriscreateemployeerequestdtocountry.md
  - docs/models/shared/hriscreateemployeerequestdtoschemashomelocationstatevalue.md
  - docs/models/shared/state.md
  - docs/models/shared/hriscreateemployeerequestdtohomelocation.md
  - docs/models/shared/hriscreateemployeerequestdtoschemasmaritalstatusvalue.md
  - docs/models/shared/hriscreateemployeerequestdtomaritalstatus.md
  - docs/models/shared/hriscreateemployeerequestdtoschemasworklocationvalue.md
  - docs/models/shared/hriscreateemployeerequestdtoschemascountry.md
  - docs/models/shared/hriscreateemployeerequestdtoschemasworklocationstatevalue.md
  - docs/models/shared/hriscreateemployeerequestdtostate.md
  - docs/models/shared/hriscreateemployeerequestdtoworklocation.md
  - docs/models/shared/hriscreateemployeerequestdto.md
  - docs/models/shared/employmentvalue.md
  - docs/models/shared/employmentemploymentcontracttype.md
  - docs/models/shared/employmentschemasvalue.md
  - docs/models/shared/employmentemploymenttype.md
  - docs/models/shared/employmentschemaspayfrequencyvalue.md
  - docs/models/shared/employmentpayfrequency.md
  - docs/models/shared/employmentschemaspayperiodvalue.md
  - docs/models/shared/employmentpayperiod.md
  - docs/models/shared/employment.md
  - docs/models/shared/employeecustomfieldsschemasvalue.md
  - docs/models/shared/employeecustomfieldstype.md
  - docs/models/shared/employeecustomfieldsvalue.md
  - docs/models/shared/employeecustomfields.md
  - docs/models/shared/countrycodeenumvalue.md
  - docs/models/shared/countrycodeenum.md
  - docs/models/shared/createtimeoffresult.md
  - docs/models/shared/hriscreatetimeoffrequestdtovalue.md
  - docs/models/shared/hriscreatetimeoffrequestdtostatus.md
  - docs/models/shared/hriscreatetimeoffrequestdtoschemasvalue.md
  - docs/models/shared/hriscreatetimeoffrequestdtotype.md
  - docs/models/shared/hriscreatetimeoffrequestdto.md
  - docs/models/shared/companyresult.md
  - docs/models/shared/company.md
  - docs/models/shared/employeeresult.md
  - docs/models/shared/avatar.md
  - docs/models/shared/employeevalue.md
  - docs/models/shared/employmentcontracttype.md
  - docs/models/shared/employeeschemasvalue.md
  - docs/models/shared/employmentstatus.md
  - docs/models/shared/employeeschemasemploymenttypevalue.md
  - docs/models/shared/employmenttype.md
  - docs/models/shared/employeeschemasethnicityvalue.md
  - docs/models/shared/ethnicity.md
  - docs/models/shared/employeeschemasgendervalue.md
  - docs/models/shared/gender.md
  - docs/models/shared/employeeschemashomelocationvalue.md
  - docs/models/shared/employeecountry.md
  - docs/models/shared/employeeschemashomelocationlocationtypevalue.md
  - docs/models/shared/employeelocationtype.md
  - docs/models/shared/homelocation.md
  - docs/models/shared/employeeschemasmaritalstatusvalue.md
  - docs/models/shared/maritalstatus.md
  - docs/models/shared/employeeschemasworklocationvalue.md
  - docs/models/shared/employeeschemascountry.md
  - docs/models/shared/employeeschemasworklocationlocationtypevalue.md
  - docs/models/shared/employeeschemaslocationtype.md
  - docs/models/shared/worklocation.md
  - docs/models/shared/employee.md
  - docs/models/shared/documentresult.md
  - docs/models/shared/documentapimodel.md
  - docs/models/shared/documenttypeenumvalue.md
  - docs/models/shared/documenttypeenum.md
  - docs/models/shared/content.md
  - docs/models/shared/timeoffresult.md
  - docs/models/shared/timeoffvalue.md
  - docs/models/shared/timeoffstatus.md
  - docs/models/shared/timeoffschemasvalue.md
  - docs/models/shared/timeofftype.md
  - docs/models/shared/timeoff.md
  - docs/models/shared/employmentresult.md
  - docs/models/shared/hrislocationresult.md
  - docs/models/shared/hrislocationvalue.md
  - docs/models/shared/hrislocationcountry.md
  - docs/models/shared/hrislocationschemasvalue.md
  - docs/models/shared/hrislocationlocationtype.md
  - docs/models/shared/hrislocation.md
  - docs/models/shared/companiespaginated.md
  - docs/models/shared/documentspaginated.md
  - docs/models/shared/timeoffpaginated.md
  - docs/models/shared/employeespaginated.md
  - docs/models/shared/employmentspaginated.md
  - docs/models/shared/hrislocationspaginated.md
  - docs/models/shared/createtemplateresult.md
  - docs/models/shared/marketingcreateemailtemplaterequestdto.md
  - docs/models/shared/messagecontent.md
  - docs/models/shared/emailmessagesvalue.md
  - docs/models/shared/messagetype.md
  - docs/models/shared/emailmessages.md
  - docs/models/shared/marketingcreatetemplaterequestdto.md
  - docs/models/shared/messagemessagetype.md
  - docs/models/shared/message.md
  - docs/models/shared/marketingcreatepushtemplaterequestdto.md
  - docs/models/shared/pushmessagesmessagecontent.md
  - docs/models/shared/pushmessagesvalue.md
  - docs/models/shared/pushmessagesmessagetype.md
  - docs/models/shared/pushmessages.md
  - docs/models/shared/campaignresult.md
  - docs/models/shared/campaignvalue.md
  - docs/models/shared/scheduletype.md
  - docs/models/shared/campaignschemasvalue.md
  - docs/models/shared/status.md
  - docs/models/shared/campaign.md
  - docs/models/shared/channelsenumvalue.md
  - docs/models/shared/channelsenum.md
  - docs/models/shared/templateresult.md
  - docs/models/shared/template.md
  - docs/models/shared/campaignspaginated.md
  - docs/models/shared/templatespaginated.md
  - docs/models/shared/body.md
  - docs/models/shared/headers.md
  - docs/models/shared/method.md
  - docs/models/shared/proxyrequestbody.md
  - docs/models/shared/security.md
  - docs/sdks/stackone/README.md
  - docs/sdks/accounts/README.md
  - docs/sdks/connectsessions/README.md
  - docs/sdks/connectors/README.md
  - docs/sdks/ats/README.md
  - docs/sdks/crm/README.md
  - docs/sdks/hris/README.md
  - docs/sdks/marketing/README.md
  - docs/sdks/proxy/README.md
  - USAGE.md
  - .gitattributes
