speakeasyVersion: 1.286.0
sources:
    my-source:
        sourceNamespace: my-source
        sourceRevisionDigest: sha256:7a8300bdf9e3e3f616396ad096630f7808973383d661cfcd016d0a6c6fab9c37
        sourceBlobDigest: sha256:9cb11e39395d367e4af74f939ebddff7a6b32237cc65c7056bf005f344ad7abc
        tags:
            - latest
            - main
targets:
    StackOneRubyClient:
        source: my-source
        sourceNamespace: my-source
        sourceRevisionDigest: sha256:7a8300bdf9e3e3f616396ad096630f7808973383d661cfcd016d0a6c6fab9c37
        sourceBlobDigest: sha256:9cb11e39395d367e4af74f939ebddff7a6b32237cc65c7056bf005f344ad7abc
        outLocation: /github/workspace/repo
workflow:
    workflowVersion: 1.0.0
    speakeasyVersion: latest
    sources:
        my-source:
            inputs:
                - location: https://api2.eu1.stackone.com/oas/stackone.json
                - location: https://api2.eu1.stackone.com/oas/hris.json
                - location: https://api2.eu1.stackone.com/oas/ats.json
                - location: https://api2.eu1.stackone.com/oas/crm.json
                - location: https://api2.eu1.stackone.com/oas/marketing.json
            registry:
                location: registry.speakeasyapi.dev/stackone/stackone/my-source
    targets:
        StackOneRubyClient:
            target: ruby
            source: my-source
            publish:
                rubygems:
                    token: $RUBYGEMS_AUTH_TOKEN
            codeSamples:
                output: codeSamples.yaml
