speakeasyVersion: 1.314.2
sources:
    my-source:
        sourceNamespace: my-source
        sourceRevisionDigest: sha256:0063ba4933b5a3c9a08ddede55960a7011fa8e12140dd0a3fcee7f71cca483e7
        sourceBlobDigest: sha256:f364b063256b1ab87b9e5e0d1328db1ed133d2fda945ed97ce7e5b5a1c59438a
        tags:
            - latest
            - main
targets:
    StackOneRubyClient:
        source: my-source
        sourceNamespace: my-source
        sourceRevisionDigest: sha256:0063ba4933b5a3c9a08ddede55960a7011fa8e12140dd0a3fcee7f71cca483e7
        sourceBlobDigest: sha256:f364b063256b1ab87b9e5e0d1328db1ed133d2fda945ed97ce7e5b5a1c59438a
        outLocation: /github/workspace/repo
workflow:
    workflowVersion: 1.0.0
    speakeasyVersion: latest
    sources:
        my-source:
            inputs:
                - location: https://api2.eu1.stackone.com/oas/stackone.json
                - location: https://api2.eu1.stackone.com/oas/hris.json
                - location: https://api2.eu1.stackone.com/oas/ats.json
                - location: https://api2.eu1.stackone.com/oas/crm.json
                - location: https://api2.eu1.stackone.com/oas/marketing.json
            registry:
                location: registry.speakeasyapi.dev/stackone/stackone/my-source
    targets:
        StackOneRubyClient:
            target: ruby
            source: my-source
            publish:
                rubygems:
                    token: $RUBYGEMS_AUTH_TOKEN
            codeSamples:
                output: codeSamples.yaml
