speakeasyVersion: 1.291.0
sources:
    my-source:
        sourceNamespace: my-source
        sourceRevisionDigest: sha256:c9927a9283ec35f24344e36dac8ad0c7f72d515166e703d94addebb44e35ff06
        sourceBlobDigest: sha256:c6c9282d82ec7b0a4f656e3a493889f03b05c2a1a21245b3eb65d2d6b928d333
        tags:
            - latest
            - main
targets:
    StackOneRubyClient:
        source: my-source
        sourceNamespace: my-source
        sourceRevisionDigest: sha256:c9927a9283ec35f24344e36dac8ad0c7f72d515166e703d94addebb44e35ff06
        sourceBlobDigest: sha256:c6c9282d82ec7b0a4f656e3a493889f03b05c2a1a21245b3eb65d2d6b928d333
        outLocation: /github/workspace/repo
workflow:
    workflowVersion: 1.0.0
    speakeasyVersion: latest
    sources:
        my-source:
            inputs:
                - location: https://api2.eu1.stackone.com/oas/stackone.json
                - location: https://api2.eu1.stackone.com/oas/hris.json
                - location: https://api2.eu1.stackone.com/oas/ats.json
                - location: https://api2.eu1.stackone.com/oas/crm.json
                - location: https://api2.eu1.stackone.com/oas/marketing.json
            registry:
                location: registry.speakeasyapi.dev/stackone/stackone/my-source
    targets:
        StackOneRubyClient:
            target: ruby
            source: my-source
            publish:
                rubygems:
                    token: $RUBYGEMS_AUTH_TOKEN
            codeSamples:
                output: codeSamples.yaml
